// !$*UTF8*$!
{
	archiveVersion = 1;
	classes = {
	};
	objectVersion = 46;
	objects = {

/* Begin PBXBuildFile section */
		F730DCDF1F15FF4700B850EA /* main.m in Sources */ = {isa = PBXBuildFile; fileRef = F730DCDE1F15FF4700B850EA /* main.m */; };
		F730DCE21F15FF4700B850EA /* AppDelegate.m in Sources */ = {isa = PBXBuildFile; fileRef = F730DCE11F15FF4700B850EA /* AppDelegate.m */; };
		F730DCE51F15FF4700B850EA /* ViewController.m in Sources */ = {isa = PBXBuildFile; fileRef = F730DCE41F15FF4700B850EA /* ViewController.m */; };
		F730DCE81F15FF4700B850EA /* Main.storyboard in Resources */ = {isa = PBXBuildFile; fileRef = F730DCE61F15FF4700B850EA /* Main.storyboard */; };
		F730DCEA1F15FF4700B850EA /* Assets.xcassets in Resources */ = {isa = PBXBuildFile; fileRef = F730DCE91F15FF4700B850EA /* Assets.xcassets */; };
		F730DCED1F15FF4700B850EA /* LaunchScreen.storyboard in Resources */ = {isa = PBXBuildFile; fileRef = F730DCEB1F15FF4700B850EA /* LaunchScreen.storyboard */; };
		F730DCF81F15FF4800B850EA /* OpenGL_ES_DemoTests.m in Sources */ = {isa = PBXBuildFile; fileRef = F730DCF71F15FF4800B850EA /* OpenGL_ES_DemoTests.m */; };
		F730DD031F15FF4800B850EA /* OpenGL_ES_DemoUITests.m in Sources */ = {isa = PBXBuildFile; fileRef = F730DD021F15FF4800B850EA /* OpenGL_ES_DemoUITests.m */; };
		F730DD121F16009000B850EA /* OpenGLES.framework in Frameworks */ = {isa = PBXBuildFile; fileRef = F730DD111F16009000B850EA /* OpenGLES.framework */; };
		F730DD141F16009F00B850EA /* QuartzCore.framework in Frameworks */ = {isa = PBXBuildFile; fileRef = F730DD131F16009F00B850EA /* QuartzCore.framework */; };
		F730DD161F1600A900B850EA /* GLKit.framework in Frameworks */ = {isa = PBXBuildFile; fileRef = F730DD151F1600A800B850EA /* GLKit.framework */; };
		F730DD181F1600B500B850EA /* CoreGraphics.framework in Frameworks */ = {isa = PBXBuildFile; fileRef = F730DD171F1600B500B850EA /* CoreGraphics.framework */; };
/* End PBXBuildFile section */

/* Begin PBXContainerItemProxy section */
		F730DCF41F15FF4800B850EA /* PBXContainerItemProxy */ = {
			isa = PBXContainerItemProxy;
			containerPortal = F730DCD21F15FF4700B850EA /* Project object */;
			proxyType = 1;
			remoteGlobalIDString = F730DCD91F15FF4700B850EA;
			remoteInfo = OpenGL_ES_Demo;
		};
		F730DCFF1F15FF4800B850EA /* PBXContainerItemProxy */ = {
			isa = PBXContainerItemProxy;
			containerPortal = F730DCD21F15FF4700B850EA /* Project object */;
			proxyType = 1;
			remoteGlobalIDString = F730DCD91F15FF4700B850EA;
			remoteInfo = OpenGL_ES_Demo;
		};
/* End PBXContainerItemProxy section */

/* Begin PBXFileReference section */
		F730DCDA1F15FF4700B850EA /* OpenGL_ES_Demo.app */ = {isa = PBXFileReference; explicitFileType = wrapper.application; includeInIndex = 0; path = OpenGL_ES_Demo.app; sourceTree = BUILT_PRODUCTS_DIR; };
		F730DCDE1F15FF4700B850EA /* main.m */ = {isa = PBXFileReference; lastKnownFileType = sourcecode.c.objc; path = main.m; sourceTree = "<group>"; };
		F730DCE01F15FF4700B850EA /* AppDelegate.h */ = {isa = PBXFileReference; lastKnownFileType = sourcecode.c.h; path = AppDelegate.h; sourceTree = "<group>"; };
		F730DCE11F15FF4700B850EA /* AppDelegate.m */ = {isa = PBXFileReference; lastKnownFileType = sourcecode.c.objc; path = AppDelegate.m; sourceTree = "<group>"; };
		F730DCE31F15FF4700B850EA /* ViewController.h */ = {isa = PBXFileReference; lastKnownFileType = sourcecode.c.h; path = ViewController.h; sourceTree = "<group>"; };
		F730DCE41F15FF4700B850EA /* ViewController.m */ = {isa = PBXFileReference; lastKnownFileType = sourcecode.c.objc; path = ViewController.m; sourceTree = "<group>"; };
		F730DCE71F15FF4700B850EA /* Base */ = {isa = PBXFileReference; lastKnownFileType = file.storyboard; name = Base; path = Base.lproj/Main.storyboard; sourceTree = "<group>"; };
		F730DCE91F15FF4700B850EA /* Assets.xcassets */ = {isa = PBXFileReference; lastKnownFileType = folder.assetcatalog; path = Assets.xcassets; sourceTree = "<group>"; };
		F730DCEC1F15FF4700B850EA /* Base */ = {isa = PBXFileReference; lastKnownFileType = file.storyboard; name = Base; path = Base.lproj/LaunchScreen.storyboard; sourceTree = "<group>"; };
		F730DCEE1F15FF4700B850EA /* Info.plist */ = {isa = PBXFileReference; lastKnownFileType = text.plist.xml; path = Info.plist; sourceTree = "<group>"; };
		F730DCF31F15FF4800B850EA /* OpenGL_ES_DemoTests.xctest */ = {isa = PBXFileReference; explicitFileType = wrapper.cfbundle; includeInIndex = 0; path = OpenGL_ES_DemoTests.xctest; sourceTree = BUILT_PRODUCTS_DIR; };
		F730DCF71F15FF4800B850EA /* OpenGL_ES_DemoTests.m */ = {isa = PBXFileReference; lastKnownFileType = sourcecode.c.objc; path = OpenGL_ES_DemoTests.m; sourceTree = "<group>"; };
		F730DCF91F15FF4800B850EA /* Info.plist */ = {isa = PBXFileReference; lastKnownFileType = text.plist.xml; path = Info.plist; sourceTree = "<group>"; };
		F730DCFE1F15FF4800B850EA /* OpenGL_ES_DemoUITests.xctest */ = {isa = PBXFileReference; explicitFileType = wrapper.cfbundle; includeInIndex = 0; path = OpenGL_ES_DemoUITests.xctest; sourceTree = BUILT_PRODUCTS_DIR; };
		F730DD021F15FF4800B850EA /* OpenGL_ES_DemoUITests.m */ = {isa = PBXFileReference; lastKnownFileType = sourcecode.c.objc; path = OpenGL_ES_DemoUITests.m; sourceTree = "<group>"; };
		F730DD041F15FF4800B850EA /* Info.plist */ = {isa = PBXFileReference; lastKnownFileType = text.plist.xml; path = Info.plist; sourceTree = "<group>"; };
		F730DD111F16009000B850EA /* OpenGLES.framework */ = {isa = PBXFileReference; lastKnownFileType = wrapper.framework; name = OpenGLES.framework; path = System/Library/Frameworks/OpenGLES.framework; sourceTree = SDKROOT; };
		F730DD131F16009F00B850EA /* QuartzCore.framework */ = {isa = PBXFileReference; lastKnownFileType = wrapper.framework; name = QuartzCore.framework; path = System/Library/Frameworks/QuartzCore.framework; sourceTree = SDKROOT; };
		F730DD151F1600A800B850EA /* GLKit.framework */ = {isa = PBXFileReference; lastKnownFileType = wrapper.framework; name = GLKit.framework; path = System/Library/Frameworks/GLKit.framework; sourceTree = SDKROOT; };
		F730DD171F1600B500B850EA /* CoreGraphics.framework */ = {isa = PBXFileReference; lastKnownFileType = wrapper.framework; name = CoreGraphics.framework; path = System/Library/Frameworks/CoreGraphics.framework; sourceTree = SDKROOT; };
/* End PBXFileReference section */

/* Begin PBXFrameworksBuildPhase section */
		F730DCD71F15FF4700B850EA /* Frameworks */ = {
			isa = PBXFrameworksBuildPhase;
			buildActionMask = 2147483647;
			files = (
				F730DD181F1600B500B850EA /* CoreGraphics.framework in Frameworks */,
				F730DD161F1600A900B850EA /* GLKit.framework in Frameworks */,
				F730DD141F16009F00B850EA /* QuartzCore.framework in Frameworks */,
				F730DD121F16009000B850EA /* OpenGLES.framework in Frameworks */,
			);
			runOnlyForDeploymentPostprocessing = 0;
		};
		F730DCF01F15FF4800B850EA /* Frameworks */ = {
			isa = PBXFrameworksBuildPhase;
			buildActionMask = 2147483647;
			files = (
			);
			runOnlyForDeploymentPostprocessing = 0;
		};
		F730DCFB1F15FF4800B850EA /* Frameworks */ = {
			isa = PBXFrameworksBuildPhase;
			buildActionMask = 2147483647;
			files = (
			);
			runOnlyForDeploymentPostprocessing = 0;
		};
/* End PBXFrameworksBuildPhase section */

/* Begin PBXGroup section */
		F730DCD11F15FF4700B850EA = {
			isa = PBXGroup;
			children = (
				F730DCDC1F15FF4700B850EA /* OpenGL_ES_Demo */,
				F730DCF61F15FF4800B850EA /* OpenGL_ES_DemoTests */,
				F730DD011F15FF4800B850EA /* OpenGL_ES_DemoUITests */,
				F730DCDB1F15FF4700B850EA /* Products */,
				F730DD101F16008F00B850EA /* Frameworks */,
			);
			sourceTree = "<group>";
		};
		F730DCDB1F15FF4700B850EA /* Products */ = {
			isa = PBXGroup;
			children = (
				F730DCDA1F15FF4700B850EA /* OpenGL_ES_Demo.app */,
				F730DCF31F15FF4800B850EA /* OpenGL_ES_DemoTests.xctest */,
				F730DCFE1F15FF4800B850EA /* OpenGL_ES_DemoUITests.xctest */,
			);
			name = Products;
			sourceTree = "<group>";
		};
		F730DCDC1F15FF4700B850EA /* OpenGL_ES_Demo */ = {
			isa = PBXGroup;
			children = (
				F730DCE01F15FF4700B850EA /* AppDelegate.h */,
				F730DCE11F15FF4700B850EA /* AppDelegate.m */,
				F730DCE31F15FF4700B850EA /* ViewController.h */,
				F730DCE41F15FF4700B850EA /* ViewController.m */,
				F730DCE61F15FF4700B850EA /* Main.storyboard */,
				F730DCE91F15FF4700B850EA /* Assets.xcassets */,
				F730DCEB1F15FF4700B850EA /* LaunchScreen.storyboard */,
				F730DCEE1F15FF4700B850EA /* Info.plist */,
				F730DCDD1F15FF4700B850EA /* Supporting Files */,
			);
			path = OpenGL_ES_Demo;
			sourceTree = "<group>";
		};
		F730DCDD1F15FF4700B850EA /* Supporting Files */ = {
			isa = PBXGroup;
			children = (
				F730DCDE1F15FF4700B850EA /* main.m */,
			);
			name = "Supporting Files";
			sourceTree = "<group>";
		};
		F730DCF61F15FF4800B850EA /* OpenGL_ES_DemoTests */ = {
			isa = PBXGroup;
			children = (
				F730DCF71F15FF4800B850EA /* OpenGL_ES_DemoTests.m */,
				F730DCF91F15FF4800B850EA /* Info.plist */,
			);
			path = OpenGL_ES_DemoTests;
			sourceTree = "<group>";
		};
		F730DD011F15FF4800B850EA /* OpenGL_ES_DemoUITests */ = {
			isa = PBXGroup;
			children = (
				F730DD021F15FF4800B850EA /* OpenGL_ES_DemoUITests.m */,
				F730DD041F15FF4800B850EA /* Info.plist */,
			);
			path = OpenGL_ES_DemoUITests;
			sourceTree = "<group>";
		};
		F730DD101F16008F00B850EA /* Frameworks */ = {
			isa = PBXGroup;
			children = (
				F730DD171F1600B500B850EA /* CoreGraphics.framework */,
				F730DD151F1600A800B850EA /* GLKit.framework */,
				F730DD131F16009F00B850EA /* QuartzCore.framework */,
				F730DD111F16009000B850EA /* OpenGLES.framework */,
			);
			name = Frameworks;
			sourceTree = "<group>";
		};
/* End PBXGroup section */

/* Begin PBXNativeTarget section */
		F730DCD91F15FF4700B850EA /* OpenGL_ES_Demo */ = {
			isa = PBXNativeTarget;
			buildConfigurationList = F730DD071F15FF4800B850EA /* Build configuration list for PBXNativeTarget "OpenGL_ES_Demo" */;
			buildPhases = (
				F730DCD61F15FF4700B850EA /* Sources */,
				F730DCD71F15FF4700B850EA /* Frameworks */,
				F730DCD81F15FF4700B850EA /* Resources */,
			);
			buildRules = (
			);
			dependencies = (
			);
			name = OpenGL_ES_Demo;
			productName = OpenGL_ES_Demo;
			productReference = F730DCDA1F15FF4700B850EA /* OpenGL_ES_Demo.app */;
			productType = "com.apple.product-type.application";
		};
		F730DCF21F15FF4800B850EA /* OpenGL_ES_DemoTests */ = {
			isa = PBXNativeTarget;
			buildConfigurationList = F730DD0A1F15FF4800B850EA /* Build configuration list for PBXNativeTarget "OpenGL_ES_DemoTests" */;
			buildPhases = (
				F730DCEF1F15FF4800B850EA /* Sources */,
				F730DCF01F15FF4800B850EA /* Frameworks */,
				F730DCF11F15FF4800B850EA /* Resources */,
			);
			buildRules = (
			);
			dependencies = (
				F730DCF51F15FF4800B850EA /* PBXTargetDependency */,
			);
			name = OpenGL_ES_DemoTests;
			productName = OpenGL_ES_DemoTests;
			productReference = F730DCF31F15FF4800B850EA /* OpenGL_ES_DemoTests.xctest */;
			productType = "com.apple.product-type.bundle.unit-test";
		};
		F730DCFD1F15FF4800B850EA /* OpenGL_ES_DemoUITests */ = {
			isa = PBXNativeTarget;
			buildConfigurationList = F730DD0D1F15FF4800B850EA /* Build configuration list for PBXNativeTarget "OpenGL_ES_DemoUITests" */;
			buildPhases = (
				F730DCFA1F15FF4800B850EA /* Sources */,
				F730DCFB1F15FF4800B850EA /* Frameworks */,
				F730DCFC1F15FF4800B850EA /* Resources */,
			);
			buildRules = (
			);
			dependencies = (
				F730DD001F15FF4800B850EA /* PBXTargetDependency */,
			);
			name = OpenGL_ES_DemoUITests;
			productName = OpenGL_ES_DemoUITests;
			productReference = F730DCFE1F15FF4800B850EA /* OpenGL_ES_DemoUITests.xctest */;
			productType = "com.apple.product-type.bundle.ui-testing";
		};
/* End PBXNativeTarget section */

/* Begin PBXProject section */
		F730DCD21F15FF4700B850EA /* Project object */ = {
			isa = PBXProject;
			attributes = {
				LastUpgradeCheck = 0830;
				ORGANIZATIONNAME = "童星";
				TargetAttributes = {
					F730DCD91F15FF4700B850EA = {
						CreatedOnToolsVersion = 8.3.3;
						DevelopmentTeam = W692395U5W;
						ProvisioningStyle = Automatic;
					};
					F730DCF21F15FF4800B850EA = {
						CreatedOnToolsVersion = 8.3.3;
						DevelopmentTeam = W692395U5W;
						ProvisioningStyle = Automatic;
						TestTargetID = F730DCD91F15FF4700B850EA;
					};
					F730DCFD1F15FF4800B850EA = {
						CreatedOnToolsVersion = 8.3.3;
						DevelopmentTeam = W692395U5W;
						ProvisioningStyle = Automatic;
						TestTargetID = F730DCD91F15FF4700B850EA;
					};
				};
			};
			buildConfigurationList = F730DCD51F15FF4700B850EA /* Build configuration list for PBXProject "OpenGL_ES_Demo" */;
			compatibilityVersion = "Xcode 3.2";
			developmentRegion = English;
			hasScannedForEncodings = 0;
			knownRegions = (
				en,
				Base,
			);
			mainGroup = F730DCD11F15FF4700B850EA;
			productRefGroup = F730DCDB1F15FF4700B850EA /* Products */;
			projectDirPath = "";
			projectRoot = "";
			targets = (
				F730DCD91F15FF4700B850EA /* OpenGL_ES_Demo */,
				F730DCF21F15FF4800B850EA /* OpenGL_ES_DemoTests */,
				F730DCFD1F15FF4800B850EA /* OpenGL_ES_DemoUITests */,
			);
		};
/* End PBXProject section */

/* Begin PBXResourcesBuildPhase section */
		F730DCD81F15FF4700B850EA /* Resources */ = {
			isa = PBXResourcesBuildPhase;
			buildActionMask = 2147483647;
			files = (
				F730DCED1F15FF4700B850EA /* LaunchScreen.storyboard in Resources */,
				F730DCEA1F15FF4700B850EA /* Assets.xcassets in Resources */,
				F730DCE81F15FF4700B850EA /* Main.storyboard in Resources */,
			);
			runOnlyForDeploymentPostprocessing = 0;
		};
		F730DCF11F15FF4800B850EA /* Resources */ = {
			isa = PBXResourcesBuildPhase;
			buildActionMask = 2147483647;
			files = (
			);
			runOnlyForDeploymentPostprocessing = 0;
		};
		F730DCFC1F15FF4800B850EA /* Resources */ = {
			isa = PBXResourcesBuildPhase;
			buildActionMask = 2147483647;
			files = (
			);
			runOnlyForDeploymentPostprocessing = 0;
		};
/* End PBXResourcesBuildPhase section */

/* Begin PBXSourcesBuildPhase section */
		F730DCD61F15FF4700B850EA /* Sources */ = {
			isa = PBXSourcesBuildPhase;
			buildActionMask = 2147483647;
			files = (
				F730DCE51F15FF4700B850EA /* ViewController.m in Sources */,
				F730DCE21F15FF4700B850EA /* AppDelegate.m in Sources */,
				F730DCDF1F15FF4700B850EA /* main.m in Sources */,
			);
			runOnlyForDeploymentPostprocessing = 0;
		};
		F730DCEF1F15FF4800B850EA /* Sources */ = {
			isa = PBXSourcesBuildPhase;
			buildActionMask = 2147483647;
			files = (
				F730DCF81F15FF4800B850EA /* OpenGL_ES_DemoTests.m in Sources */,
			);
			runOnlyForDeploymentPostprocessing = 0;
		};
		F730DCFA1F15FF4800B850EA /* Sources */ = {
			isa = PBXSourcesBuildPhase;
			buildActionMask = 2147483647;
			files = (
				F730DD031F15FF4800B850EA /* OpenGL_ES_DemoUITests.m in Sources */,
			);
			runOnlyForDeploymentPostprocessing = 0;
		};
/* End PBXSourcesBuildPhase section */

/* Begin PBXTargetDependency section */
		F730DCF51F15FF4800B850EA /* PBXTargetDependency */ = {
			isa = PBXTargetDependency;
			target = F730DCD91F15FF4700B850EA /* OpenGL_ES_Demo */;
			targetProxy = F730DCF41F15FF4800B850EA /* PBXContainerItemProxy */;
		};
		F730DD001F15FF4800B850EA /* PBXTargetDependency */ = {
			isa = PBXTargetDependency;
			target = F730DCD91F15FF4700B850EA /* OpenGL_ES_Demo */;
			targetProxy = F730DCFF1F15FF4800B850EA /* PBXContainerItemProxy */;
		};
/* End PBXTargetDependency section */

/* Begin PBXVariantGroup section */
		F730DCE61F15FF4700B850EA /* Main.storyboard */ = {
			isa = PBXVariantGroup;
			children = (
				F730DCE71F15FF4700B850EA /* Base */,
			);
			name = Main.storyboard;
			sourceTree = "<group>";
		};
		F730DCEB1F15FF4700B850EA /* LaunchScreen.storyboard */ = {
			isa = PBXVariantGroup;
			children = (
				F730DCEC1F15FF4700B850EA /* Base */,
			);
			name = LaunchScreen.storyboard;
			sourceTree = "<group>";
		};
/* End PBXVariantGroup section */

/* Begin XCBuildConfiguration section */
		F730DD051F15FF4800B850EA /* Debug */ = {
			isa = XCBuildConfiguration;
			buildSettings = {
				ALWAYS_SEARCH_USER_PATHS = NO;
				CLANG_ANALYZER_NONNULL = YES;
				CLANG_ANALYZER_NUMBER_OBJECT_CONVERSION = YES_AGGRESSIVE;
				CLANG_CXX_LANGUAGE_STANDARD = "gnu++0x";
				CLANG_CXX_LIBRARY = "libc++";
				CLANG_ENABLE_MODULES = YES;
				CLANG_ENABLE_OBJC_ARC = YES;
				CLANG_WARN_BOOL_CONVERSION = YES;
				CLANG_WARN_CONSTANT_CONVERSION = YES;
				CLANG_WARN_DIRECT_OBJC_ISA_USAGE = YES_ERROR;
				CLANG_WARN_DOCUMENTATION_COMMENTS = YES;
				CLANG_WARN_EMPTY_BODY = YES;
				CLANG_WARN_ENUM_CONVERSION = YES;
				CLANG_WARN_INFINITE_RECURSION = YES;
				CLANG_WARN_INT_CONVERSION = YES;
				CLANG_WARN_OBJC_ROOT_CLASS = YES_ERROR;
				CLANG_WARN_SUSPICIOUS_MOVE = YES;
				CLANG_WARN_UNREACHABLE_CODE = YES;
				CLANG_WARN__DUPLICATE_METHOD_MATCH = YES;
				"CODE_SIGN_IDENTITY[sdk=iphoneos*]" = "iPhone Developer";
				COPY_PHASE_STRIP = NO;
				DEBUG_INFORMATION_FORMAT = dwarf;
				ENABLE_STRICT_OBJC_MSGSEND = YES;
				ENABLE_TESTABILITY = YES;
				GCC_C_LANGUAGE_STANDARD = gnu99;
				GCC_DYNAMIC_NO_PIC = NO;
				GCC_NO_COMMON_BLOCKS = YES;
				GCC_OPTIMIZATION_LEVEL = 0;
				GCC_PREPROCESSOR_DEFINITIONS = (
					"DEBUG=1",
					"$(inherited)",
				);
				GCC_WARN_64_TO_32_BIT_CONVERSION = YES;
				GCC_WARN_ABOUT_RETURN_TYPE = YES_ERROR;
				GCC_WARN_UNDECLARED_SELECTOR = YES;
				GCC_WARN_UNINITIALIZED_AUTOS = YES_AGGRESSIVE;
				GCC_WARN_UNUSED_FUNCTION = YES;
				GCC_WARN_UNUSED_VARIABLE = YES;
				IPHONEOS_DEPLOYMENT_TARGET = 10.3;
				MTL_ENABLE_DEBUG_INFO = YES;
				ONLY_ACTIVE_ARCH = YES;
				SDKROOT = iphoneos;
			};
			name = Debug;
		};
		F730DD061F15FF4800B850EA /* Release */ = {
			isa = XCBuildConfiguration;
			buildSettings = {
				ALWAYS_SEARCH_USER_PATHS = NO;
				CLANG_ANALYZER_NONNULL = YES;
				CLANG_ANALYZER_NUMBER_OBJECT_CONVERSION = YES_AGGRESSIVE;
				CLANG_CXX_LANGUAGE_STANDARD = "gnu++0x";
				CLANG_CXX_LIBRARY = "libc++";
				CLANG_ENABLE_MODULES = YES;
				CLANG_ENABLE_OBJC_ARC = YES;
				CLANG_WARN_BOOL_CONVERSION = YES;
				CLANG_WARN_CONSTANT_CONVERSION = YES;
				CLANG_WARN_DIRECT_OBJC_ISA_USAGE = YES_ERROR;
				CLANG_WARN_DOCUMENTATION_COMMENTS = YES;
				CLANG_WARN_EMPTY_BODY = YES;
				CLANG_WARN_ENUM_CONVERSION = YES;
				CLANG_WARN_INFINITE_RECURSION = YES;
				CLANG_WARN_INT_CONVERSION = YES;
				CLANG_WARN_OBJC_ROOT_CLASS = YES_ERROR;
				CLANG_WARN_SUSPICIOUS_MOVE = YES;
				CLANG_WARN_UNREACHABLE_CODE = YES;
				CLANG_WARN__DUPLICATE_METHOD_MATCH = YES;
				"CODE_SIGN_IDENTITY[sdk=iphoneos*]" = "iPhone Developer";
				COPY_PHASE_STRIP = NO;
				DEBUG_INFORMATION_FORMAT = "dwarf-with-dsym";
				ENABLE_NS_ASSERTIONS = NO;
				ENABLE_STRICT_OBJC_MSGSEND = YES;
				GCC_C_LANGUAGE_STANDARD = gnu99;
				GCC_NO_COMMON_BLOCKS = YES;
				GCC_WARN_64_TO_32_BIT_CONVERSION = YES;
				GCC_WARN_ABOUT_RETURN_TYPE = YES_ERROR;
				GCC_WARN_UNDECLARED_SELECTOR = YES;
				GCC_WARN_UNINITIALIZED_AUTOS = YES_AGGRESSIVE;
				GCC_WARN_UNUSED_FUNCTION = YES;
				GCC_WARN_UNUSED_VARIABLE = YES;
				IPHONEOS_DEPLOYMENT_TARGET = 10.3;
				MTL_ENABLE_DEBUG_INFO = NO;
				SDKROOT = iphoneos;
				VALIDATE_PRODUCT = YES;
			};
			name = Release;
		};
		F730DD081F15FF4800B850EA /* Debug */ = {
			isa = XCBuildConfiguration;
			buildSettings = {
				ASSETCATALOG_COMPILER_APPICON_NAME = AppIcon;
				DEVELOPMENT_TEAM = W692395U5W;
				INFOPLIST_FILE = OpenGL_ES_Demo/Info.plist;
				LD_RUNPATH_SEARCH_PATHS = "$(inherited) @executable_path/Frameworks";
				PRODUCT_BUNDLE_IDENTIFIER = "tongxing.OpenGL-ES-Demo";
				PRODUCT_NAME = "$(TARGET_NAME)";
			};
			name = Debug;
		};
		F730DD091F15FF4800B850EA /* Release */ = {
			isa = XCBuildConfiguration;
			buildSettings = {
				ASSETCATALOG_COMPILER_APPICON_NAME = AppIcon;
				DEVELOPMENT_TEAM = W692395U5W;
				INFOPLIST_FILE = OpenGL_ES_Demo/Info.plist;
				LD_RUNPATH_SEARCH_PATHS = "$(inherited) @executable_path/Frameworks";
				PRODUCT_BUNDLE_IDENTIFIER = "tongxing.OpenGL-ES-Demo";
				PRODUCT_NAME = "$(TARGET_NAME)";
			};
			name = Release;
		};
		F730DD0B1F15FF4800B850EA /* Debug */ = {
			isa = XCBuildConfiguration;
			buildSettings = {
				BUNDLE_LOADER = "$(TEST_HOST)";
				DEVELOPMENT_TEAM = W692395U5W;
				INFOPLIST_FILE = OpenGL_ES_DemoTests/Info.plist;
				LD_RUNPATH_SEARCH_PATHS = "$(inherited) @executable_path/Frameworks @loader_path/Frameworks";
				PRODUCT_BUNDLE_IDENTIFIER = "tongxing.OpenGL-ES-DemoTests";
				PRODUCT_NAME = "$(TARGET_NAME)";
				TEST_HOST = "$(BUILT_PRODUCTS_DIR)/OpenGL_ES_Demo.app/OpenGL_ES_Demo";
			};
			name = Debug;
		};
		F730DD0C1F15FF4800B850EA /* Release */ = {
			isa = XCBuildConfiguration;
			buildSettings = {
				BUNDLE_LOADER = "$(TEST_HOST)";
				DEVELOPMENT_TEAM = W692395U5W;
				INFOPLIST_FILE = OpenGL_ES_DemoTests/Info.plist;
				LD_RUNPATH_SEARCH_PATHS = "$(inherited) @executable_path/Frameworks @loader_path/Frameworks";
				PRODUCT_BUNDLE_IDENTIFIER = "tongxing.OpenGL-ES-DemoTests";
				PRODUCT_NAME = "$(TARGET_NAME)";
				TEST_HOST = "$(BUILT_PRODUCTS_DIR)/OpenGL_ES_Demo.app/OpenGL_ES_Demo";
			};
			name = Release;
		};
		F730DD0E1F15FF4800B850EA /* Debug */ = {
			isa = XCBuildConfiguration;
			buildSettings = {
				DEVELOPMENT_TEAM = W692395U5W;
				INFOPLIST_FILE = OpenGL_ES_DemoUITests/Info.plist;
				LD_RUNPATH_SEARCH_PATHS = "$(inherited) @executable_path/Frameworks @loader_path/Frameworks";
				PRODUCT_BUNDLE_IDENTIFIER = "tongxing.OpenGL-ES-DemoUITests";
				PRODUCT_NAME = "$(TARGET_NAME)";
				TEST_TARGET_NAME = OpenGL_ES_Demo;
			};
			name = Debug;
		};
		F730DD0F1F15FF4800B850EA /* Release */ = {
			isa = XCBuildConfiguration;
			buildSettings = {
				DEVELOPMENT_TEAM = W692395U5W;
				INFOPLIST_FILE = OpenGL_ES_DemoUITests/Info.plist;
				LD_RUNPATH_SEARCH_PATHS = "$(inherited) @executable_path/Frameworks @loader_path/Frameworks";
				PRODUCT_BUNDLE_IDENTIFIER = "tongxing.OpenGL-ES-DemoUITests";
				PRODUCT_NAME = "$(TARGET_NAME)";
				TEST_TARGET_NAME = OpenGL_ES_Demo;
			};
			name = Release;
		};
/* End XCBuildConfiguration section */

/* Begin XCConfigurationList section */
		F730DCD51F15FF4700B850EA /* Build configuration list for PBXProject "OpenGL_ES_Demo" */ = {
			isa = XCConfigurationList;
			buildConfigurations = (
				F730DD051F15FF4800B850EA /* Debug */,
				F730DD061F15FF4800B850EA /* Release */,
			);
			defaultConfigurationIsVisible = 0;
			defaultConfigurationName = Release;
		};
		F730DD071F15FF4800B850EA /* Build configuration list for PBXNativeTarget "OpenGL_ES_Demo" */ = {
			isa = XCConfigurationList;
			buildConfigurations = (
				F730DD081F15FF4800B850EA /* Debug */,
				F730DD091F15FF4800B850EA /* Release */,
			);
			defaultConfigurationIsVisible = 0;
		};
		F730DD0A1F15FF4800B850EA /* Build configuration list for PBXNativeTarget "OpenGL_ES_DemoTests" */ = {
			isa = XCConfigurationList;
			buildConfigurations = (
				F730DD0B1F15FF4800B850EA /* Debug */,
				F730DD0C1F15FF4800B850EA /* Release */,
			);
			defaultConfigurationIsVisible = 0;
		};
		F730DD0D1F15FF4800B850EA /* Build configuration list for PBXNativeTarget "OpenGL_ES_DemoUITests" */ = {
			isa = XCConfigurationList;
			buildConfigurations = (
				F730DD0E1F15FF4800B850EA /* Debug */,
				F730DD0F1F15FF4800B850EA /* Release */,
			);
			defaultConfigurationIsVisible = 0;
		};
/* End XCConfigurationList section */
	};
	rootObject = F730DCD21F15FF4700B850EA /* Project object */;
}
